
Microsoft Visual Studio Solution File, Format Version 12.00
# Visual Studio 2015
Project("{FAE04EC0-301F-11D3-BF4B-00C04F79EFBC}") = "NeuralNetwork.CSharp", "NeuralNetwork.CSharp.csproj", "{BB2D2AF6-E487-CB3F-B45A-18949E2AAE78}"
EndProject
Global
	GlobalSection(SolutionConfigurationPlatforms) = preSolution
		Debug|Any CPU = Debug|Any CPU
		Release|Any CPU = Release|Any CPU
	EndGlobalSection
	GlobalSection(ProjectConfigurationPlatforms) = postSolution
		{BB2D2AF6-E487-CB3F-B45A-18949E2AAE78}.Debug|Any CPU.ActiveCfg = Debug|Any CPU
		{BB2D2AF6-E487-CB3F-B45A-18949E2AAE78}.Debug|Any CPU.Build.0 = Debug|Any CPU
		{BB2D2AF6-E487-CB3F-B45A-18949E2AAE78}.Release|Any CPU.ActiveCfg = Release|Any CPU
		{BB2D2AF6-E487-CB3F-B45A-18949E2AAE78}.Release|Any CPU.Build.0 = Release|Any CPU
	EndGlobalSection
	GlobalSection(SolutionProperties) = preSolution
		HideSolutionNode = FALSE
	EndGlobalSection
EndGlobal
