
Microsoft Visual Studio Solution File, Format Version 11.00
# Visual Studio 2010
Project("{FAE04EC0-301F-11D3-BF4B-00C04F79EFBC}") = "Trader", "Assembly-CSharp.csproj", "{599E87DF-E6C3-4586-41A3-59675951D4A3}"
EndProject
Project("{FAE04EC0-301F-11D3-BF4B-00C04F79EFBC}") = "Trader", "Assembly-CSharp-firstpass.csproj", "{5AC4BA67-AD14-04A2-2D78-53D22527EDC5}"
EndProject
Project("{FAE04EC0-301F-11D3-BF4B-00C04F79EFBC}") = "Trader", "Assembly-CSharp-Editor.csproj", "{B99C6182-AD74-8D82-41E3-F2215D0DB9F4}"
EndProject
Global
	GlobalSection(SolutionConfigurationPlatforms) = preSolution
		Debug|Any CPU = Debug|Any CPU
		Release|Any CPU = Release|Any CPU
	EndGlobalSection
	GlobalSection(ProjectConfigurationPlatforms) = postSolution
		{599E87DF-E6C3-4586-41A3-59675951D4A3}.Debug|Any CPU.ActiveCfg = Debug|Any CPU
		{599E87DF-E6C3-4586-41A3-59675951D4A3}.Debug|Any CPU.Build.0 = Debug|Any CPU
		{599E87DF-E6C3-4586-41A3-59675951D4A3}.Release|Any CPU.ActiveCfg = Release|Any CPU
		{599E87DF-E6C3-4586-41A3-59675951D4A3}.Release|Any CPU.Build.0 = Release|Any CPU
		{5AC4BA67-AD14-04A2-2D78-53D22527EDC5}.Debug|Any CPU.ActiveCfg = Debug|Any CPU
		{5AC4BA67-AD14-04A2-2D78-53D22527EDC5}.Debug|Any CPU.Build.0 = Debug|Any CPU
		{5AC4BA67-AD14-04A2-2D78-53D22527EDC5}.Release|Any CPU.ActiveCfg = Release|Any CPU
		{5AC4BA67-AD14-04A2-2D78-53D22527EDC5}.Release|Any CPU.Build.0 = Release|Any CPU
		{B99C6182-AD74-8D82-41E3-F2215D0DB9F4}.Debug|Any CPU.ActiveCfg = Debug|Any CPU
		{B99C6182-AD74-8D82-41E3-F2215D0DB9F4}.Debug|Any CPU.Build.0 = Debug|Any CPU
		{B99C6182-AD74-8D82-41E3-F2215D0DB9F4}.Release|Any CPU.ActiveCfg = Release|Any CPU
		{B99C6182-AD74-8D82-41E3-F2215D0DB9F4}.Release|Any CPU.Build.0 = Release|Any CPU
	EndGlobalSection
	GlobalSection(SolutionProperties) = preSolution
		HideSolutionNode = FALSE
	EndGlobalSection
	GlobalSection(MonoDevelopProperties) = preSolution
		StartupItem = Assembly-CSharp.csproj
	EndGlobalSection
EndGlobal
